{
  "name": "sftp",
  "version": "0.0.1",
  "lockfileVersion": 2,
  "requires": true,
  "packages": {
    "": {
      "name": "sftp",
      "version": "0.0.1",
      "license": "MIT",
      "dependencies": {
        "commander": "^8.3.0",
        "ssh2": "^1.5.0",
        "ssh2-sftp-client": "^7.2.1"
      },
      "bin": {
        "uploadCheck": "bin/run"
      },
      "devDependencies": {
        "@types/node": "^16.11.12",
        "@types/ssh2": "^0.5.49",
        "@types/ssh2-sftp-client": "^7.0.0",
        "typescript": "^4.5.2"
      }
    },
    "node_modules/@types/node": {
      "version": "16.11.12",
      "resolved": "https://registry.npmjs.org/@types/node/-/node-16.11.12.tgz",
      "integrity": "sha512-+2Iggwg7PxoO5Kyhvsq9VarmPbIelXP070HMImEpbtGCoyWNINQj4wzjbQCXzdHTRXnqufutJb5KAURZANNBAw==",
      "dev": true
    },
    "node_modules/@types/ssh2": {
      "version": "0.5.49",
      "resolved": "https://registry.npmjs.org/@types/ssh2/-/ssh2-0.5.49.tgz",
      "integrity": "sha512-ffxhQhJqgTzrw8NxHTgkaDtAmAj2qxCyoves7ztpRgqvzbHcZTpTcm+ATWuuCbPQzxnnF4F3SGGTLGEWTZpwqA==",
      "dev": true,
      "dependencies": {
        "@types/node": "*",
        "@types/ssh2-streams": "*"
      }
    },
    "node_modules/@types/ssh2-sftp-client": {
      "version": "7.0.0",
      "resolved": "https://registry.npmjs.org/@types/ssh2-sftp-client/-/ssh2-sftp-client-7.0.0.tgz",
      "integrity": "sha512-T797sEaO8fEJwc4/y5EJ0vWugwJO8r2XrqO7Moll3DEPYZDyVd0j4NOQ2fnrPD8A8vzNqISNwLoJi1KUwmcEmw==",
      "dev": true,
      "dependencies": {
        "@types/ssh2": "*"
      }
    },
    "node_modules/@types/ssh2-streams": {
      "version": "0.1.9",
      "resolved": "https://registry.npmjs.org/@types/ssh2-streams/-/ssh2-streams-0.1.9.tgz",
      "integrity": "sha512-I2J9jKqfmvXLR5GomDiCoHrEJ58hAOmFrekfFqmCFd+A6gaEStvWnPykoWUwld1PNg4G5ag1LwdA+Lz1doRJqg==",
      "dev": true,
      "dependencies": {
        "@types/node": "*"
      }
    },
    "node_modules/asn1": {
      "version": "0.2.6",
      "resolved": "https://registry.npmjs.org/asn1/-/asn1-0.2.6.tgz",
      "integrity": "sha512-ix/FxPn0MDjeyJ7i/yoHGFt/EX6LyNbxSEhPPXODPL+KB0VPk86UYfL0lMdy+KCnv+fmvIzySwaK5COwqVbWTQ==",
      "dependencies": {
        "safer-buffer": "~2.1.0"
      }
    },
    "node_modules/bcrypt-pbkdf": {
      "version": "1.0.2",
      "resolved": "https://registry.npmjs.org/bcrypt-pbkdf/-/bcrypt-pbkdf-1.0.2.tgz",
      "integrity": "sha1-pDAdOJtqQ/m2f/PKEaP2Y342Dp4=",
      "dependencies": {
        "tweetnacl": "^0.14.3"
      }
    },
    "node_modules/buffer-from": {
      "version": "1.1.2",
      "resolved": "https://registry.npmjs.org/buffer-from/-/buffer-from-1.1.2.tgz",
      "integrity": "sha512-E+XQCRwSbaaiChtv6k6Dwgc+bx+Bs6vuKJHHl5kox/BaKbhiXzqQOwK4cO22yElGp2OCmjwVhT3HmxgyPGnJfQ=="
    },
    "node_modules/commander": {
      "version": "8.3.0",
      "resolved": "https://registry.npmjs.org/commander/-/commander-8.3.0.tgz",
      "integrity": "sha512-OkTL9umf+He2DZkUq8f8J9of7yL6RJKI24dVITBmNfZBmri9zYZQrKkuXiKhyfPSu8tUhnVBB1iKXevvnlR4Ww==",
      "engines": {
        "node": ">= 12"
      }
    },
    "node_modules/concat-stream": {
      "version": "2.0.0",
      "resolved": "https://registry.npmjs.org/concat-stream/-/concat-stream-2.0.0.tgz",
      "integrity": "sha512-MWufYdFw53ccGjCA+Ol7XJYpAlW6/prSMzuPOTRnJGcGzuhLn4Scrz7qf6o8bROZ514ltazcIFJZevcfbo0x7A==",
      "engines": [
        "node >= 6.0"
      ],
      "dependencies": {
        "buffer-from": "^1.0.0",
        "inherits": "^2.0.3",
        "readable-stream": "^3.0.2",
        "typedarray": "^0.0.6"
      }
    },
    "node_modules/concat-stream/node_modules/readable-stream": {
      "version": "3.6.0",
      "resolved": "https://registry.npmjs.org/readable-stream/-/readable-stream-3.6.0.tgz",
      "integrity": "sha512-BViHy7LKeTz4oNnkcLJ+lVSL6vpiFeX6/d3oSH8zCW7UxP2onchk+vTGB143xuFjHS3deTgkKoXXymXqymiIdA==",
      "dependencies": {
        "inherits": "^2.0.3",
        "string_decoder": "^1.1.1",
        "util-deprecate": "^1.0.1"
      },
      "engines": {
        "node": ">= 6"
      }
    },
    "node_modules/cpu-features": {
      "version": "0.0.2",
      "resolved": "https://registry.npmjs.org/cpu-features/-/cpu-features-0.0.2.tgz",
      "integrity": "sha512-/2yieBqvMcRj8McNzkycjW2v3OIUOibBfd2dLEJ0nWts8NobAxwiyw9phVNS6oDL8x8tz9F7uNVFEVpJncQpeA==",
      "hasInstallScript": true,
      "optional": true,
      "dependencies": {
        "nan": "^2.14.1"
      },
      "engines": {
        "node": ">=8.0.0"
      }
    },
    "node_modules/err-code": {
      "version": "2.0.3",
      "resolved": "https://registry.npmjs.org/err-code/-/err-code-2.0.3.tgz",
      "integrity": "sha512-2bmlRpNKBxT/CRmPOlyISQpNj+qSeYvcym/uT0Jx2bMOlKLtSy1ZmLuVxSEKKyor/N5yhvp/ZiG1oE3DEYMSFA=="
    },
    "node_modules/inherits": {
      "version": "2.0.4",
      "resolved": "https://registry.npmjs.org/inherits/-/inherits-2.0.4.tgz",
      "integrity": "sha512-k/vGaX4/Yla3WzyMCvTQOXYeIHvqOKtnqBduzTHpzpQZzAskKMhZ2K+EnBiSM9zGSoIFeMpXKxa4dYeZIQqewQ=="
    },
    "node_modules/nan": {
      "version": "2.15.0",
      "resolved": "https://registry.npmjs.org/nan/-/nan-2.15.0.tgz",
      "integrity": "sha512-8ZtvEnA2c5aYCZYd1cvgdnU6cqwixRoYg70xPLWUws5ORTa/lnw+u4amixRS/Ac5U5mQVgp9pnlSUnbNWFaWZQ==",
      "optional": true
    },
    "node_modules/promise-retry": {
      "version": "2.0.1",
      "resolved": "https://registry.npmjs.org/promise-retry/-/promise-retry-2.0.1.tgz",
      "integrity": "sha512-y+WKFlBR8BGXnsNlIHFGPZmyDf3DFMoLhaflAnyZgV6rG6xu+JwesTo2Q9R6XwYmtmwAFCkAk3e35jEdoeh/3g==",
      "dependencies": {
        "err-code": "^2.0.2",
        "retry": "^0.12.0"
      },
      "engines": {
        "node": ">=10"
      }
    },
    "node_modules/retry": {
      "version": "0.12.0",
      "resolved": "https://registry.npmjs.org/retry/-/retry-0.12.0.tgz",
      "integrity": "sha1-G0KmJmoh8HQh0bC1S33BZ7AcATs=",
      "engines": {
        "node": ">= 4"
      }
    },
    "node_modules/safe-buffer": {
      "version": "5.1.2",
      "resolved": "https://registry.npmjs.org/safe-buffer/-/safe-buffer-5.1.2.tgz",
      "integrity": "sha512-Gd2UZBJDkXlY7GbJxfsE8/nvKkUEU1G38c1siN6QP6a9PT9MmHB8GnpscSmMJSoF8LOIrt8ud/wPtojys4G6+g=="
    },
    "node_modules/safer-buffer": {
      "version": "2.1.2",
      "resolved": "https://registry.npmjs.org/safer-buffer/-/safer-buffer-2.1.2.tgz",
      "integrity": "sha512-YZo3K82SD7Riyi0E1EQPojLz7kpepnSQI9IyPbHHg1XXXevb5dJI7tpyN2ADxGcQbHG7vcyRHk0cbwqcQriUtg=="
    },
    "node_modules/ssh2": {
      "version": "1.5.0",
      "resolved": "https://registry.npmjs.org/ssh2/-/ssh2-1.5.0.tgz",
      "integrity": "sha512-iUmRkhH9KGeszQwDW7YyyqjsMTf4z+0o48Cp4xOwlY5LjtbIAvyd3fwnsoUZW/hXmTCRA3yt7S/Jb9uVjErVlA==",
      "hasInstallScript": true,
      "dependencies": {
        "asn1": "^0.2.4",
        "bcrypt-pbkdf": "^1.0.2"
      },
      "engines": {
        "node": ">=10.16.0"
      },
      "optionalDependencies": {
        "cpu-features": "0.0.2",
        "nan": "^2.15.0"
      }
    },
    "node_modules/ssh2-sftp-client": {
      "version": "7.2.1",
      "resolved": "https://registry.npmjs.org/ssh2-sftp-client/-/ssh2-sftp-client-7.2.1.tgz",
      "integrity": "sha512-kr5QFL+d8Ta28wGhlRqkHo812PjMhKrBK7oTaYGNHqTvXAUjxZR6SeWRXbwKASE3dh2xeDz5aXHcg01bzfAeCA==",
      "dependencies": {
        "concat-stream": "^2.0.0",
        "promise-retry": "^2.0.1",
        "ssh2": "^1.5.0"
      },
      "engines": {
        "node": ">=10.24.1"
      }
    },
    "node_modules/string_decoder": {
      "version": "1.1.1",
      "resolved": "https://registry.npmjs.org/string_decoder/-/string_decoder-1.1.1.tgz",
      "integrity": "sha512-n/ShnvDi6FHbbVfviro+WojiFzv+s8MPMHBczVePfUpDJLwoLT0ht1l4YwBCbi8pJAveEEdnkHyPyTP/mzRfwg==",
      "dependencies": {
        "safe-buffer": "~5.1.0"
      }
    },
    "node_modules/tweetnacl": {
      "version": "0.14.5",
      "resolved": "https://registry.npmjs.org/tweetnacl/-/tweetnacl-0.14.5.tgz",
      "integrity": "sha1-WuaBd/GS1EViadEIr6k/+HQ/T2Q="
    },
    "node_modules/typedarray": {
      "version": "0.0.6",
      "resolved": "https://registry.npmjs.org/typedarray/-/typedarray-0.0.6.tgz",
      "integrity": "sha1-hnrHTjhkGHsdPUfZlqeOxciDB3c="
    },
    "node_modules/typescript": {
      "version": "4.5.2",
      "resolved": "https://registry.npmjs.org/typescript/-/typescript-4.5.2.tgz",
      "integrity": "sha512-5BlMof9H1yGt0P8/WF+wPNw6GfctgGjXp5hkblpyT+8rkASSmkUKMXrxR0Xg8ThVCi/JnHQiKXeBaEwCeQwMFw==",
      "dev": true,
      "bin": {
        "tsc": "bin/tsc",
        "tsserver": "bin/tsserver"
      },
      "engines": {
        "node": ">=4.2.0"
      }
    },
    "node_modules/util-deprecate": {
      "version": "1.0.2",
      "resolved": "https://registry.npmjs.org/util-deprecate/-/util-deprecate-1.0.2.tgz",
      "integrity": "sha1-RQ1Nyfpw3nMnYvvS1KKJgUGaDM8="
    }
  },
  "dependencies": {
    "@types/node": {
      "version": "16.11.12",
      "resolved": "https://registry.npmjs.org/@types/node/-/node-16.11.12.tgz",
      "integrity": "sha512-+2Iggwg7PxoO5Kyhvsq9VarmPbIelXP070HMImEpbtGCoyWNINQj4wzjbQCXzdHTRXnqufutJb5KAURZANNBAw==",
      "dev": true
    },
    "@types/ssh2": {
      "version": "0.5.49",
      "resolved": "https://registry.npmjs.org/@types/ssh2/-/ssh2-0.5.49.tgz",
      "integrity": "sha512-ffxhQhJqgTzrw8NxHTgkaDtAmAj2qxCyoves7ztpRgqvzbHcZTpTcm+ATWuuCbPQzxnnF4F3SGGTLGEWTZpwqA==",
      "dev": true,
      "requires": {
        "@types/node": "*",
        "@types/ssh2-streams": "*"
      }
    },
    "@types/ssh2-sftp-client": {
      "version": "7.0.0",
      "resolved": "https://registry.npmjs.org/@types/ssh2-sftp-client/-/ssh2-sftp-client-7.0.0.tgz",
      "integrity": "sha512-T797sEaO8fEJwc4/y5EJ0vWugwJO8r2XrqO7Moll3DEPYZDyVd0j4NOQ2fnrPD8A8vzNqISNwLoJi1KUwmcEmw==",
      "dev": true,
      "requires": {
        "@types/ssh2": "*"
      }
    },
    "@types/ssh2-streams": {
      "version": "0.1.9",
      "resolved": "https://registry.npmjs.org/@types/ssh2-streams/-/ssh2-streams-0.1.9.tgz",
      "integrity": "sha512-I2J9jKqfmvXLR5GomDiCoHrEJ58hAOmFrekfFqmCFd+A6gaEStvWnPykoWUwld1PNg4G5ag1LwdA+Lz1doRJqg==",
      "dev": true,
      "requires": {
        "@types/node": "*"
      }
    },
    "asn1": {
      "version": "0.2.6",
      "resolved": "https://registry.npmjs.org/asn1/-/asn1-0.2.6.tgz",
      "integrity": "sha512-ix/FxPn0MDjeyJ7i/yoHGFt/EX6LyNbxSEhPPXODPL+KB0VPk86UYfL0lMdy+KCnv+fmvIzySwaK5COwqVbWTQ==",
      "requires": {
        "safer-buffer": "~2.1.0"
      }
    },
    "bcrypt-pbkdf": {
      "version": "1.0.2",
      "resolved": "https://registry.npmjs.org/bcrypt-pbkdf/-/bcrypt-pbkdf-1.0.2.tgz",
      "integrity": "sha1-pDAdOJtqQ/m2f/PKEaP2Y342Dp4=",
      "requires": {
        "tweetnacl": "^0.14.3"
      }
    },
    "buffer-from": {
      "version": "1.1.2",
      "resolved": "https://registry.npmjs.org/buffer-from/-/buffer-from-1.1.2.tgz",
      "integrity": "sha512-E+XQCRwSbaaiChtv6k6Dwgc+bx+Bs6vuKJHHl5kox/BaKbhiXzqQOwK4cO22yElGp2OCmjwVhT3HmxgyPGnJfQ=="
    },
    "commander": {
      "version": "8.3.0",
      "resolved": "https://registry.npmjs.org/commander/-/commander-8.3.0.tgz",
      "integrity": "sha512-OkTL9umf+He2DZkUq8f8J9of7yL6RJKI24dVITBmNfZBmri9zYZQrKkuXiKhyfPSu8tUhnVBB1iKXevvnlR4Ww=="
    },
    "concat-stream": {
      "version": "2.0.0",
      "resolved": "https://registry.npmjs.org/concat-stream/-/concat-stream-2.0.0.tgz",
      "integrity": "sha512-MWufYdFw53ccGjCA+Ol7XJYpAlW6/prSMzuPOTRnJGcGzuhLn4Scrz7qf6o8bROZ514ltazcIFJZevcfbo0x7A==",
      "requires": {
        "buffer-from": "^1.0.0",
        "inherits": "^2.0.3",
        "readable-stream": "^3.0.2",
        "typedarray": "^0.0.6"
      },
      "dependencies": {
        "readable-stream": {
          "version": "3.6.0",
          "resolved": "https://registry.npmjs.org/readable-stream/-/readable-stream-3.6.0.tgz",
          "integrity": "sha512-BViHy7LKeTz4oNnkcLJ+lVSL6vpiFeX6/d3oSH8zCW7UxP2onchk+vTGB143xuFjHS3deTgkKoXXymXqymiIdA==",
          "requires": {
            "inherits": "^2.0.3",
            "string_decoder": "^1.1.1",
            "util-deprecate": "^1.0.1"
          }
        }
      }
    },
    "cpu-features": {
      "version": "0.0.2",
      "resolved": "https://registry.npmjs.org/cpu-features/-/cpu-features-0.0.2.tgz",
      "integrity": "sha512-/2yieBqvMcRj8McNzkycjW2v3OIUOibBfd2dLEJ0nWts8NobAxwiyw9phVNS6oDL8x8tz9F7uNVFEVpJncQpeA==",
      "optional": true,
      "requires": {
        "nan": "^2.14.1"
      }
    },
    "err-code": {
      "version": "2.0.3",
      "resolved": "https://registry.npmjs.org/err-code/-/err-code-2.0.3.tgz",
      "integrity": "sha512-2bmlRpNKBxT/CRmPOlyISQpNj+qSeYvcym/uT0Jx2bMOlKLtSy1ZmLuVxSEKKyor/N5yhvp/ZiG1oE3DEYMSFA=="
    },
    "inherits": {
      "version": "2.0.4",
      "resolved": "https://registry.npmjs.org/inherits/-/inherits-2.0.4.tgz",
      "integrity": "sha512-k/vGaX4/Yla3WzyMCvTQOXYeIHvqOKtnqBduzTHpzpQZzAskKMhZ2K+EnBiSM9zGSoIFeMpXKxa4dYeZIQqewQ=="
    },
    "nan": {
      "version": "2.15.0",
      "resolved": "https://registry.npmjs.org/nan/-/nan-2.15.0.tgz",
      "integrity": "sha512-8ZtvEnA2c5aYCZYd1cvgdnU6cqwixRoYg70xPLWUws5ORTa/lnw+u4amixRS/Ac5U5mQVgp9pnlSUnbNWFaWZQ==",
      "optional": true
    },
    "promise-retry": {
      "version": "2.0.1",
      "resolved": "https://registry.npmjs.org/promise-retry/-/promise-retry-2.0.1.tgz",
      "integrity": "sha512-y+WKFlBR8BGXnsNlIHFGPZmyDf3DFMoLhaflAnyZgV6rG6xu+JwesTo2Q9R6XwYmtmwAFCkAk3e35jEdoeh/3g==",
      "requires": {
        "err-code": "^2.0.2",
        "retry": "^0.12.0"
      }
    },
    "retry": {
      "version": "0.12.0",
      "resolved": "https://registry.npmjs.org/retry/-/retry-0.12.0.tgz",
      "integrity": "sha1-G0KmJmoh8HQh0bC1S33BZ7AcATs="
    },
    "safe-buffer": {
      "version": "5.1.2",
      "resolved": "https://registry.npmjs.org/safe-buffer/-/safe-buffer-5.1.2.tgz",
      "integrity": "sha512-Gd2UZBJDkXlY7GbJxfsE8/nvKkUEU1G38c1siN6QP6a9PT9MmHB8GnpscSmMJSoF8LOIrt8ud/wPtojys4G6+g=="
    },
    "safer-buffer": {
      "version": "2.1.2",
      "resolved": "https://registry.npmjs.org/safer-buffer/-/safer-buffer-2.1.2.tgz",
      "integrity": "sha512-YZo3K82SD7Riyi0E1EQPojLz7kpepnSQI9IyPbHHg1XXXevb5dJI7tpyN2ADxGcQbHG7vcyRHk0cbwqcQriUtg=="
    },
    "ssh2": {
      "version": "1.5.0",
      "resolved": "https://registry.npmjs.org/ssh2/-/ssh2-1.5.0.tgz",
      "integrity": "sha512-iUmRkhH9KGeszQwDW7YyyqjsMTf4z+0o48Cp4xOwlY5LjtbIAvyd3fwnsoUZW/hXmTCRA3yt7S/Jb9uVjErVlA==",
      "requires": {
        "asn1": "^0.2.4",
        "bcrypt-pbkdf": "^1.0.2",
        "cpu-features": "0.0.2",
        "nan": "^2.15.0"
      }
    },
    "ssh2-sftp-client": {
      "version": "7.2.1",
      "resolved": "https://registry.npmjs.org/ssh2-sftp-client/-/ssh2-sftp-client-7.2.1.tgz",
      "integrity": "sha512-kr5QFL+d8Ta28wGhlRqkHo812PjMhKrBK7oTaYGNHqTvXAUjxZR6SeWRXbwKASE3dh2xeDz5aXHcg01bzfAeCA==",
      "requires": {
        "concat-stream": "^2.0.0",
        "promise-retry": "^2.0.1",
        "ssh2": "^1.5.0"
      }
    },
    "string_decoder": {
      "version": "1.1.1",
      "resolved": "https://registry.npmjs.org/string_decoder/-/string_decoder-1.1.1.tgz",
      "integrity": "sha512-n/ShnvDi6FHbbVfviro+WojiFzv+s8MPMHBczVePfUpDJLwoLT0ht1l4YwBCbi8pJAveEEdnkHyPyTP/mzRfwg==",
      "requires": {
        "safe-buffer": "~5.1.0"
      }
    },
    "tweetnacl": {
      "version": "0.14.5",
      "resolved": "https://registry.npmjs.org/tweetnacl/-/tweetnacl-0.14.5.tgz",
      "integrity": "sha1-WuaBd/GS1EViadEIr6k/+HQ/T2Q="
    },
    "typedarray": {
      "version": "0.0.6",
      "resolved": "https://registry.npmjs.org/typedarray/-/typedarray-0.0.6.tgz",
      "integrity": "sha1-hnrHTjhkGHsdPUfZlqeOxciDB3c="
    },
    "typescript": {
      "version": "4.5.2",
      "resolved": "https://registry.npmjs.org/typescript/-/typescript-4.5.2.tgz",
      "integrity": "sha512-5BlMof9H1yGt0P8/WF+wPNw6GfctgGjXp5hkblpyT+8rkASSmkUKMXrxR0Xg8ThVCi/JnHQiKXeBaEwCeQwMFw==",
      "dev": true
    },
    "util-deprecate": {
      "version": "1.0.2",
      "resolved": "https://registry.npmjs.org/util-deprecate/-/util-deprecate-1.0.2.tgz",
      "integrity": "sha1-RQ1Nyfpw3nMnYvvS1KKJgUGaDM8="
    }
  }
}
